{
  "version": 4,
  "terraform_version": "1.1.5",
  "serial": 9,
  "lineage": "03a20434-e175-7087-9dbf-0e01faed008c",
  "outputs": {},
  "resources": [
    {
      "mode": "managed",
      "type": "google_compute_network",
      "name": "vpc",
      "provider": "provider[\"registry.terraform.io/hashicorp/google\"]",
      "instances": [
        {
          "schema_version": 0,
          "attributes": {
            "auto_create_subnetworks": false,
            "delete_default_routes_on_create": false,
            "description": "",
            "enable_ula_internal_ipv6": false,
            "gateway_ipv4": "",
            "id": "projects/mt-project-2022/global/networks/mt-project-2022-vpc",
            "internal_ipv6_range": "",
            "mtu": 0,
            "name": "mt-project-2022-vpc",
            "project": "mt-project-2022",
            "routing_mode": "REGIONAL",
            "self_link": "https://www.googleapis.com/compute/v1/projects/mt-project-2022/global/networks/mt-project-2022-vpc",
            "timeouts": null
          },
          "sensitive_attributes": [],
          "private": "eyJlMmJmYjczMC1lY2FhLTExZTYtOGY4OC0zNDM2M2JjN2M0YzAiOnsiY3JlYXRlIjoxMjAwMDAwMDAwMDAwLCJkZWxldGUiOjEyMDAwMDAwMDAwMDAsInVwZGF0ZSI6MTIwMDAwMDAwMDAwMH19"
        }
      ]
    },
    {
      "mode": "managed",
      "type": "google_compute_subnetwork",
      "name": "subnet",
      "provider": "provider[\"registry.terraform.io/hashicorp/google\"]",
      "instances": [
        {
          "schema_version": 0,
          "attributes": {
            "creation_timestamp": "2023-04-08T07:52:32.241-07:00",
            "description": "",
            "external_ipv6_prefix": "",
            "fingerprint": null,
            "gateway_address": "10.10.0.1",
            "id": "projects/mt-project-2022/regions/us-east4/subnetworks/mt-project-2022-subnet",
            "ip_cidr_range": "10.10.0.0/24",
            "ipv6_access_type": "",
            "ipv6_cidr_range": "",
            "log_config": [],
            "name": "mt-project-2022-subnet",
            "network": "https://www.googleapis.com/compute/v1/projects/mt-project-2022/global/networks/mt-project-2022-vpc",
            "private_ip_google_access": false,
            "private_ipv6_google_access": "DISABLE_GOOGLE_ACCESS",
            "project": "mt-project-2022",
            "purpose": "PRIVATE",
            "region": "us-east4",
            "role": "",
            "secondary_ip_range": [],
            "self_link": "https://www.googleapis.com/compute/v1/projects/mt-project-2022/regions/us-east4/subnetworks/mt-project-2022-subnet",
            "stack_type": "IPV4_ONLY",
            "timeouts": null
          },
          "sensitive_attributes": [],
          "private": "eyJlMmJmYjczMC1lY2FhLTExZTYtOGY4OC0zNDM2M2JjN2M0YzAiOnsiY3JlYXRlIjoxMjAwMDAwMDAwMDAwLCJkZWxldGUiOjEyMDAwMDAwMDAwMDAsInVwZGF0ZSI6MTIwMDAwMDAwMDAwMH19",
          "dependencies": [
            "google_compute_network.vpc"
          ]
        }
      ]
    },
    {
      "mode": "managed",
      "type": "google_container_cluster",
      "name": "primary",
      "provider": "provider[\"registry.terraform.io/hashicorp/google\"]",
      "instances": [
        {
          "schema_version": 1,
          "attributes": {
            "addons_config": [
              {
                "cloudrun_config": [],
                "config_connector_config": [],
                "dns_cache_config": [],
                "gce_persistent_disk_csi_driver_config": [
                  {
                    "enabled": true
                  }
                ],
                "gcp_filestore_csi_driver_config": [],
                "gke_backup_agent_config": [],
                "horizontal_pod_autoscaling": [],
                "http_load_balancing": [],
                "network_policy_config": [
                  {
                    "disabled": true
                  }
                ]
              }
            ],
            "authenticator_groups_config": [],
            "binary_authorization": [
              {
                "enabled": false,
                "evaluation_mode": ""
              }
            ],
            "cluster_autoscaling": [
              {
                "auto_provisioning_defaults": [],
                "enabled": false,
                "resource_limits": []
              }
            ],
            "cluster_ipv4_cidr": "10.32.0.0/14",
            "confidential_nodes": [],
            "cost_management_config": [],
            "database_encryption": [
              {
                "key_name": "",
                "state": "DECRYPTED"
              }
            ],
            "datapath_provider": "",
            "default_max_pods_per_node": null,
            "default_snat_status": [
              {
                "disabled": false
              }
            ],
            "description": "",
            "dns_config": [],
            "enable_autopilot": false,
            "enable_binary_authorization": false,
            "enable_intranode_visibility": false,
            "enable_kubernetes_alpha": false,
            "enable_l4_ilb_subsetting": false,
            "enable_legacy_abac": false,
            "enable_shielded_nodes": true,
            "enable_tpu": false,
            "endpoint": "35.230.173.50",
            "gateway_api_config": [],
            "id": "projects/mt-project-2022/locations/us-east4-c/clusters/mt-project-2022-gke",
            "initial_node_count": 1,
            "ip_allocation_policy": [],
            "label_fingerprint": "a9dc16a7",
            "location": "us-east4-c",
            "logging_config": [
              {
                "enable_components": [
                  "SYSTEM_COMPONENTS",
                  "WORKLOADS"
                ]
              }
            ],
            "logging_service": "logging.googleapis.com/kubernetes",
            "maintenance_policy": [],
            "master_auth": [
              {
                "client_certificate": "",
                "client_certificate_config": [
                  {
                    "issue_client_certificate": false
                  }
                ],
                "client_key": "",
                "cluster_ca_certificate": "LS0tLS1CRUdJTiBDRVJUSUZJQ0FURS0tLS0tCk1JSUVMVENDQXBXZ0F3SUJBZ0lSQUlWVExkNmR1UWVuMVo1SVpOZmJMVXN3RFFZSktvWklodmNOQVFFTEJRQXcKTHpFdE1Dc0dBMVVFQXhNa05qa3dORGcyWmpZdE9XSXdaaTAwT0RGaExXSm1OVEV0WWpCak16QmtOREpsTVRJdwpNQ0FYRFRJek1EUXdPREUwTURVMU5Wb1lEekl3TlRNd016TXhNVFV3TlRVMVdqQXZNUzB3S3dZRFZRUURFeVEyCk9UQTBPRFptTmkwNVlqQm1MVFE0TVdFdFltWTFNUzFpTUdNek1HUTBNbVV4TWpBd2dnR2lNQTBHQ1NxR1NJYjMKRFFFQkFRVUFBNElCandBd2dnR0tBb0lCZ1FES2RRcVVSaFZYT2R6YVFjelJ4OTZ4Q25rUE9lR21SMkVuNjVvVAo5QXlwOTBUR2JIa01HN2N1Si9QS1IzNHFrTzhqa0x4cWE4bE43Y2R1aGN2M3BMV09VVG5OSzZHejU1d1lZUTRECkNLNVBVejJLeTNwRXpPcERMRzhYV1FRbkE1SldlSkdWV3pJSkM5MG9PTkUvYm5SdFB5NFl0TWZCaTRQTVd3a1IKMnRabDhJenVzczkwWHhCeUs5RytGV2ZSc0JUTWM1VFdXamVqY2FxZzJlNFA4clRUSTRjVks4a0Jvb0dWWkhINwp1RVhmTmN3MUxSeVN3TGxoMVUvMG9weGhiUnYzU3ZIMVRUcHZMMnphLzl5b09vQXBrRmFyQWVpMUtKMVFCUnNFCktiR1lwaVdKWkFsV1AwQ01xY3RzakRvcFZtSHhweFNpQzhVUk5FYzFyeElwVk1qcVZmOUVDV3ZXc3ZQRk0xRTMKRU55cEIzazN2RjZFR0o1dmw5OW9pTmxCL0o5NVNCWWhHMGh2WVBxOHdCRjErS05xamhaUVpvVTZUaEowVkFwZQpDWFBNTENGaUE4WndleXpBazh5QzcxVDRyQmpnWlAxTnFHWEErdUh4WVZralRtSFJlM0VTYVNCZSs3eHg1UCtjCit5dW1wZ1B5Smg1ZXhUWHZ3UndPV29sanZ3TUNBd0VBQWFOQ01FQXdEZ1lEVlIwUEFRSC9CQVFEQWdJRU1BOEcKQTFVZEV3RUIvd1FGTUFNQkFmOHdIUVlEVlIwT0JCWUVGUEpwbFpZM2FMQ0VzTVlqYmZ1VkFqNk9RdEEyTUEwRwpDU3FHU0liM0RRRUJDd1VBQTRJQmdRQlV1UDkzS3dnRmdOOEM2WGRkUDhMc2NELzh6RkZORCthanZqUFlYTm04CmRUUkNBR3dEN1M0NnNaQ1RudGRScmRwK21uNERpcER1U0hpUVQwWHdyZkMyREtWclEwYnZmRFZWenR1bkZCTmkKRkVBenZ4UStUaEpkNSt0NzhqL2VSTVRaNDJEZWYrZ0hGMXI0bTJhUkZTTVdkNDY3MmIreDVuM3FKNkgyTjNtbAplNTdPTDFsOXUrdndvcDdtZEJiN3hMcGJLNHI2Mk9LK294dVhZdVpjU1JtL0prR09PNW1JY2JSNFNLOFdZdStpCjNMZmkvT3J1QytncWxYcWVQYmFwTzRWTlF6ajhqT2lGSnBVK3BHdjI2V3lDSE1wZ3JDZGlaS0ZBcmFxam5kK0IKUStLVngzMnJVczlWYmdZSEI3M0djMFZpU0xIVEtaQXR3N2RkZGFCL1lHWFEzZzZtNGF4cDdiRFQzVXlCUS9xYQpQWGFZTjFaWjJ1MVVacFpMSHpDSXYrOExrd3h4U1d2NTF2ZzVWdHJGZlN6elNkSmNKQVFUMWdVTi9NSmx6U0pGClR3OEhXeTdLWmQyaElVQWk3bHZNYWZ2S3RXcUkxNFhNdUtzdy8wa213VjNqblFZQzlaOWVTUHJSNk52VFBmRnIKd0YyMW9pNmtNSEpzQ2RJU1kzZUoxQ1k9Ci0tLS0tRU5EIENFUlRJRklDQVRFLS0tLS0K"
              }
            ],
            "master_authorized_networks_config": [],
            "master_version": "1.24.9-gke.3200",
            "mesh_certificates": [],
            "min_master_version": null,
            "monitoring_config": [
              {
                "enable_components": [
                  "SYSTEM_COMPONENTS"
                ],
                "managed_prometheus": []
              }
            ],
            "monitoring_service": "monitoring.googleapis.com/kubernetes",
            "name": "mt-project-2022-gke",
            "network": "projects/mt-project-2022/global/networks/mt-project-2022-vpc",
            "network_policy": [
              {
                "enabled": false,
                "provider": "PROVIDER_UNSPECIFIED"
              }
            ],
            "networking_mode": "ROUTES",
            "node_config": [],
            "node_locations": [],
            "node_pool": [],
            "node_pool_defaults": [
              {
                "node_config_defaults": [
                  {
                    "logging_variant": "DEFAULT"
                  }
                ]
              }
            ],
            "node_version": "1.24.9-gke.3200",
            "notification_config": [
              {
                "pubsub": [
                  {
                    "enabled": false,
                    "filter": [],
                    "topic": ""
                  }
                ]
              }
            ],
            "operation": null,
            "private_cluster_config": [
              {
                "enable_private_endpoint": false,
                "enable_private_nodes": false,
                "master_global_access_config": [
                  {
                    "enabled": false
                  }
                ],
                "master_ipv4_cidr_block": "",
                "peering_name": "",
                "private_endpoint": "10.10.0.2",
                "private_endpoint_subnetwork": "",
                "public_endpoint": "35.230.173.50"
              }
            ],
            "private_ipv6_google_access": "",
            "project": "mt-project-2022",
            "release_channel": [
              {
                "channel": "REGULAR"
              }
            ],
            "remove_default_node_pool": true,
            "resource_labels": null,
            "resource_usage_export_config": [],
            "self_link": "https://container.googleapis.com/v1/projects/mt-project-2022/zones/us-east4-c/clusters/mt-project-2022-gke",
            "service_external_ips_config": [
              {
                "enabled": false
              }
            ],
            "services_ipv4_cidr": "10.35.240.0/20",
            "subnetwork": "projects/mt-project-2022/regions/us-east4/subnetworks/mt-project-2022-subnet",
            "timeouts": null,
            "tpu_ipv4_cidr_block": "",
            "vertical_pod_autoscaling": [],
            "workload_identity_config": []
          },
          "sensitive_attributes": [],
          "private": "eyJlMmJmYjczMC1lY2FhLTExZTYtOGY4OC0zNDM2M2JjN2M0YzAiOnsiY3JlYXRlIjoyNDAwMDAwMDAwMDAwLCJkZWxldGUiOjI0MDAwMDAwMDAwMDAsInJlYWQiOjI0MDAwMDAwMDAwMDAsInVwZGF0ZSI6MzYwMDAwMDAwMDAwMH0sInNjaGVtYV92ZXJzaW9uIjoiMSJ9",
          "dependencies": [
            "google_compute_network.vpc",
            "google_compute_subnetwork.subnet"
          ]
        }
      ]
    },
    {
      "mode": "managed",
      "type": "google_container_node_pool",
      "name": "primary_nodes",
      "provider": "provider[\"registry.terraform.io/hashicorp/google\"]",
      "instances": [
        {
          "schema_version": 1,
          "attributes": {
            "autoscaling": [],
            "cluster": "mt-project-2022-gke",
            "id": "projects/mt-project-2022/locations/us-east4-c/clusters/mt-project-2022-gke/nodePools/mt-project-2022-gke",
            "initial_node_count": 1,
            "instance_group_urls": [
              "https://www.googleapis.com/compute/v1/projects/mt-project-2022/zones/us-east4-c/instanceGroupManagers/gke-mt-project-2022--mt-project-2022--ecb164fb-grp"
            ],
            "location": "us-east4-c",
            "managed_instance_group_urls": [
              "https://www.googleapis.com/compute/v1/projects/mt-project-2022/zones/us-east4-c/instanceGroups/gke-mt-project-2022--mt-project-2022--ecb164fb-grp"
            ],
            "management": [
              {
                "auto_repair": true,
                "auto_upgrade": true
              }
            ],
            "max_pods_per_node": null,
            "name": "mt-project-2022-gke",
            "name_prefix": "",
            "network_config": [
              {
                "create_pod_range": false,
                "enable_private_nodes": false,
                "pod_ipv4_cidr_block": "",
                "pod_range": ""
              }
            ],
            "node_config": [
              {
                "boot_disk_kms_key": "",
                "disk_size_gb": 10,
                "disk_type": "pd-balanced",
                "gcfs_config": [],
                "guest_accelerator": [],
                "gvnic": [],
                "image_type": "COS_CONTAINERD",
                "kubelet_config": [],
                "labels": {
                  "env": "mt-project-2022"
                },
                "linux_node_config": [],
                "local_ssd_count": 0,
                "logging_variant": "DEFAULT",
                "machine_type": "e2-small",
                "metadata": {
                  "disable-legacy-endpoints": "true"
                },
                "min_cpu_platform": "",
                "node_group": "",
                "oauth_scopes": [
                  "https://www.googleapis.com/auth/logging.write",
                  "https://www.googleapis.com/auth/monitoring"
                ],
                "preemptible": false,
                "reservation_affinity": [],
                "resource_labels": null,
                "service_account": "default",
                "shielded_instance_config": [
                  {
                    "enable_integrity_monitoring": true,
                    "enable_secure_boot": false
                  }
                ],
                "spot": false,
                "tags": [
                  "gke-node",
                  "mt-project-2022-gke"
                ],
                "taint": [],
                "workload_metadata_config": []
              }
            ],
            "node_count": 1,
            "node_locations": [
              "us-east4-c"
            ],
            "operation": null,
            "placement_policy": [],
            "project": "mt-project-2022",
            "timeouts": null,
            "upgrade_settings": [
              {
                "blue_green_settings": [],
                "max_surge": 1,
                "max_unavailable": 0,
                "strategy": "SURGE"
              }
            ],
            "version": "1.24.9-gke.3200"
          },
          "sensitive_attributes": [],
          "private": "eyJlMmJmYjczMC1lY2FhLTExZTYtOGY4OC0zNDM2M2JjN2M0YzAiOnsiY3JlYXRlIjoxODAwMDAwMDAwMDAwLCJkZWxldGUiOjE4MDAwMDAwMDAwMDAsInVwZGF0ZSI6MTgwMDAwMDAwMDAwMH0sInNjaGVtYV92ZXJzaW9uIjoiMSJ9",
          "dependencies": [
            "google_compute_network.vpc",
            "google_compute_subnetwork.subnet",
            "google_container_cluster.primary"
          ]
        }
      ]
    }
  ]
}
